
Microsoft Visual Studio Solution File, Format Version 12.00
# Visual Studio 15
VisualStudioVersion = 15.0.27130.2026
MinimumVisualStudioVersion = 10.0.40219.1
Project("{9A19103F-16F7-4668-BE54-9A1E7A4F7556}") = "Model", "Model\Model.csproj", "{97F8D98D-4004-4A14-8F82-84ECF2694AD0}"
EndProject
Project("{9A19103F-16F7-4668-BE54-9A1E7A4F7556}") = "Model.UTest", "Model.UTest\Model.UTest.csproj", "{71417885-8EF4-4EF9-97A7-B2884FF85330}"
EndProject
Global
	GlobalSection(SolutionConfigurationPlatforms) = preSolution
		Debug|Any CPU = Debug|Any CPU
		Release|Any CPU = Release|Any CPU
	EndGlobalSection
	GlobalSection(ProjectConfigurationPlatforms) = postSolution
		{97F8D98D-4004-4A14-8F82-84ECF2694AD0}.Debug|Any CPU.ActiveCfg = Debug|Any CPU
		{97F8D98D-4004-4A14-8F82-84ECF2694AD0}.Debug|Any CPU.Build.0 = Debug|Any CPU
		{97F8D98D-4004-4A14-8F82-84ECF2694AD0}.Release|Any CPU.ActiveCfg = Release|Any CPU
		{97F8D98D-4004-4A14-8F82-84ECF2694AD0}.Release|Any CPU.Build.0 = Release|Any CPU
		{71417885-8EF4-4EF9-97A7-B2884FF85330}.Debug|Any CPU.ActiveCfg = Debug|Any CPU
		{71417885-8EF4-4EF9-97A7-B2884FF85330}.Debug|Any CPU.Build.0 = Debug|Any CPU
		{71417885-8EF4-4EF9-97A7-B2884FF85330}.Release|Any CPU.ActiveCfg = Release|Any CPU
		{71417885-8EF4-4EF9-97A7-B2884FF85330}.Release|Any CPU.Build.0 = Release|Any CPU
	EndGlobalSection
	GlobalSection(SolutionProperties) = preSolution
		HideSolutionNode = FALSE
	EndGlobalSection
	GlobalSection(ExtensibilityGlobals) = postSolution
		SolutionGuid = {61EEF433-BA0C-4BD8-96BD-009A146B7A78}
	EndGlobalSection	
EndGlobal
