
Microsoft Visual Studio Solution File, Format Version 12.00
# Visual Studio 15
Project("{FAE04EC0-301F-11D3-BF4B-00C04F79EFBC}") = "ReservationAPI", "ReservationAPI\ReservationAPI.csproj", "{53DC672B-D139-4B94-88F3-B029EA5CC8EE}"
EndProject
Project("{FAE04EC0-301F-11D3-BF4B-00C04F79EFBC}") = "UnitTests", "UnitTests\UnitTests.csproj", "{942FB084-C160-4A09-B46C-480B139659E7}"
EndProject
Global
	GlobalSection(SolutionConfigurationPlatforms) = preSolution
		Debug|Any CPU = Debug|Any CPU
		Release|Any CPU = Release|Any CPU
	EndGlobalSection
	GlobalSection(ProjectConfigurationPlatforms) = postSolution
		{53DC672B-D139-4B94-88F3-B029EA5CC8EE}.Debug|Any CPU.ActiveCfg = Debug|Any CPU
		{53DC672B-D139-4B94-88F3-B029EA5CC8EE}.Debug|Any CPU.Build.0 = Debug|Any CPU
		{53DC672B-D139-4B94-88F3-B029EA5CC8EE}.Release|Any CPU.ActiveCfg = Release|Any CPU
		{53DC672B-D139-4B94-88F3-B029EA5CC8EE}.Release|Any CPU.Build.0 = Release|Any CPU
		{942FB084-C160-4A09-B46C-480B139659E7}.Debug|Any CPU.ActiveCfg = Debug|Any CPU
		{942FB084-C160-4A09-B46C-480B139659E7}.Debug|Any CPU.Build.0 = Debug|Any CPU
		{942FB084-C160-4A09-B46C-480B139659E7}.Release|Any CPU.ActiveCfg = Release|Any CPU
		{942FB084-C160-4A09-B46C-480B139659E7}.Release|Any CPU.Build.0 = Release|Any CPU
	EndGlobalSection
EndGlobal
