{
  "requires": true,
  "lockfileVersion": 1,
  "dependencies": {
    "ansi-regex": {
      "version": "1.1.1",
      "resolved": "https://registry.npmjs.org/ansi-regex/-/ansi-regex-1.1.1.tgz",
      "integrity": "sha1-QchHGUZGN15qGl0Qw8oFTvn8mA0="
    },
    "ansi-styles": {
      "version": "2.2.1",
      "resolved": "https://registry.npmjs.org/ansi-styles/-/ansi-styles-2.2.1.tgz",
      "integrity": "sha1-tDLdM1i2NM914eRmQ2gkBTPB3b4="
    },
    "ansicolors": {
      "version": "0.2.1",
      "resolved": "https://registry.npmjs.org/ansicolors/-/ansicolors-0.2.1.tgz",
      "integrity": "sha1-vgiVmQl7dKXJxKhKDNvNtivYeu8="
    },
    "asap": {
      "version": "2.0.6",
      "resolved": "https://registry.npmjs.org/asap/-/asap-2.0.6.tgz",
      "integrity": "sha1-5QNHYR1+aQlDIIu9r+vLwvuGbUY="
    },
    "ascii-table": {
      "version": "0.0.8",
      "resolved": "https://registry.npmjs.org/ascii-table/-/ascii-table-0.0.8.tgz",
      "integrity": "sha1-Q2LhTSMfxwwMj5dJ8w30qn9e2KY="
    },
    "asn1": {
      "version": "0.2.4",
      "resolved": "https://registry.npmjs.org/asn1/-/asn1-0.2.4.tgz",
      "integrity": "sha512-jxwzQpLQjSmWXgwaCZE9Nz+glAG01yF1QnWgbhGwHI5A6FRIEY6IVqtHhIepHqI7/kyEyQEagBC5mBEFlIYvdg==",
      "requires": {
        "safer-buffer": "~2.1.0"
      }
    },
    "async": {
      "version": "1.0.0",
      "resolved": "https://registry.npmjs.org/async/-/async-1.0.0.tgz",
      "integrity": "sha1-+PwEyjoTeErenhZBr5hXjPvWR6k="
    },
    "balanced-match": {
      "version": "1.0.0",
      "resolved": "https://registry.npmjs.org/balanced-match/-/balanced-match-1.0.0.tgz",
      "integrity": "sha1-ibTRmasr7kneFk6gK4nORi1xt2c="
    },
    "brace-expansion": {
      "version": "1.1.11",
      "resolved": "https://registry.npmjs.org/brace-expansion/-/brace-expansion-1.1.11.tgz",
      "integrity": "sha512-iCuPHDFgrHX7H2vEI/5xpz07zSHB00TpugqhmYtVmMO6518mCuRMoOYFldEBl0g187ufozdaHgWKcYFb61qGiA==",
      "requires": {
        "balanced-match": "^1.0.0",
        "concat-map": "0.0.1"
      }
    },
    "buffer-equal-constant-time": {
      "version": "1.0.1",
      "resolved": "https://registry.npmjs.org/buffer-equal-constant-time/-/buffer-equal-constant-time-1.0.1.tgz",
      "integrity": "sha1-+OcRMvf/5uAaXJaXpMbz5I1cyBk="
    },
    "buffer-from": {
      "version": "1.1.1",
      "resolved": "https://registry.npmjs.org/buffer-from/-/buffer-from-1.1.1.tgz",
      "integrity": "sha512-MQcXEUbCKtEo7bhqEs6560Hyd4XaovZlO/k9V3hjVUF/zwW7KBVdSK4gIt/bzwS9MbR5qob+F5jusZsb0YQK2A=="
    },
    "cardinal": {
      "version": "0.5.0",
      "resolved": "https://registry.npmjs.org/cardinal/-/cardinal-0.5.0.tgz",
      "integrity": "sha1-ANX2YdvUqr/ffUHOSKWlm8o1opE=",
      "requires": {
        "ansicolors": "~0.2.1",
        "redeyed": "~0.5.0"
      }
    },
    "caseless": {
      "version": "0.11.0",
      "resolved": "https://registry.npmjs.org/caseless/-/caseless-0.11.0.tgz",
      "integrity": "sha1-cVuW6phBWTzDMGeSP17GDr2k99c="
    },
    "chalk": {
      "version": "1.0.0",
      "resolved": "https://registry.npmjs.org/chalk/-/chalk-1.0.0.tgz",
      "integrity": "sha1-s89O0P9Tl8mcdbj2edsvUoMfltw=",
      "requires": {
        "ansi-styles": "^2.0.1",
        "escape-string-regexp": "^1.0.2",
        "has-ansi": "^1.0.3",
        "strip-ansi": "^2.0.1",
        "supports-color": "^1.3.0"
      }
    },
    "cli": {
      "version": "0.7.0",
      "resolved": "https://registry.npmjs.org/cli/-/cli-0.7.0.tgz",
      "integrity": "sha1-80j1jDrWWaGrl0dN9urV6O5WS9c=",
      "requires": {
        "exit": "0.1.2",
        "glob": "^5.0.10"
      }
    },
    "cli-table": {
      "version": "0.3.4",
      "resolved": "https://registry.npmjs.org/cli-table/-/cli-table-0.3.4.tgz",
      "integrity": "sha512-1vinpnX/ZERcmE443i3SZTmU5DF0rPO9DrL4I2iVAllhxzCM9SzPlHnz19fsZB78htkKZvYBvj6SZ6vXnaxmTA==",
      "requires": {
        "chalk": "^2.4.1",
        "string-width": "^4.2.0"
      },
      "dependencies": {
        "ansi-styles": {
          "version": "3.2.1",
          "resolved": "https://registry.npmjs.org/ansi-styles/-/ansi-styles-3.2.1.tgz",
          "integrity": "sha512-VT0ZI6kZRdTh8YyJw3SMbYm/u+NqfsAxEpWO0Pf9sq8/e94WxxOpPKx9FR1FlyCtOVDNOQ+8ntlqFxiRc+r5qA==",
          "requires": {
            "color-convert": "^1.9.0"
          }
        },
        "chalk": {
          "version": "2.4.2",
          "resolved": "https://registry.npmjs.org/chalk/-/chalk-2.4.2.tgz",
          "integrity": "sha512-Mti+f9lpJNcwF4tWV8/OrTTtF1gZi+f8FqlyAdouralcFWFQWF2+NgCHShjkCb+IFBLq9buZwE1xckQU4peSuQ==",
          "requires": {
            "ansi-styles": "^3.2.1",
            "escape-string-regexp": "^1.0.5",
            "supports-color": "^5.3.0"
          }
        },
        "supports-color": {
          "version": "5.5.0",
          "resolved": "https://registry.npmjs.org/supports-color/-/supports-color-5.5.0.tgz",
          "integrity": "sha512-QjVjwdXIt408MIiAqCX4oUKsgU2EqAGzs2Ppkm4aQYbjm+ZEWEcW4SfFNTr4uMNZma0ey4f5lgLrkB0aX0QMow==",
          "requires": {
            "has-flag": "^3.0.0"
          }
        }
      }
    },
    "clone": {
      "version": "1.0.4",
      "resolved": "https://registry.npmjs.org/clone/-/clone-1.0.4.tgz",
      "integrity": "sha1-2jCcwmPfFZlMaIypAheco8fNfH4="
    },
    "coffee-script": {
      "version": "1.9.2",
      "resolved": "https://registry.npmjs.org/coffee-script/-/coffee-script-1.9.2.tgz",
      "integrity": "sha1-LaS2Y8YcbR2FF4iqMflB/Htj7fM="
    },
    "color-convert": {
      "version": "1.9.3",
      "resolved": "https://registry.npmjs.org/color-convert/-/color-convert-1.9.3.tgz",
      "integrity": "sha512-QfAUtd+vFdAtFQcC8CCyYt1fYWxSqAiK2cSD6zDB8N3cpsEBAvRxp9zOGg6G/SHHJYAT88/az/IuDGALsNVbGg==",
      "requires": {
        "color-name": "1.1.3"
      }
    },
    "color-name": {
      "version": "1.1.3",
      "resolved": "https://registry.npmjs.org/color-name/-/color-name-1.1.3.tgz",
      "integrity": "sha1-p9BVi9icQveV3UIyj3QIMcpTvCU="
    },
    "columnify": {
      "version": "1.5.1",
      "resolved": "https://registry.npmjs.org/columnify/-/columnify-1.5.1.tgz",
      "integrity": "sha1-Ff3agDo4dfh/nTArO8goky1mQAM=",
      "requires": {
        "strip-ansi": "^2.0.1",
        "wcwidth": "^1.0.0"
      }
    },
    "concat-map": {
      "version": "0.0.1",
      "resolved": "https://registry.npmjs.org/concat-map/-/concat-map-0.0.1.tgz",
      "integrity": "sha1-2Klr13/Wjfd5OnMDajug1UBdR3s="
    },
    "concat-stream": {
      "version": "1.6.2",
      "resolved": "https://registry.npmjs.org/concat-stream/-/concat-stream-1.6.2.tgz",
      "integrity": "sha512-27HBghJxjiZtIk3Ycvn/4kbJk/1uZuJFfuPEns6LaEvpvG1f0hTea8lilrouyo9mVc2GWdcEZ8OLoGmSADlrCw==",
      "requires": {
        "buffer-from": "^1.0.0",
        "inherits": "^2.0.3",
        "readable-stream": "^2.2.2",
        "typedarray": "^0.0.6"
      }
    },
    "core-util-is": {
      "version": "1.0.2",
      "resolved": "https://registry.npmjs.org/core-util-is/-/core-util-is-1.0.2.tgz",
      "integrity": "sha1-tf1UIgqivFq1eqtxQMlAdUUDwac="
    },
    "defaults": {
      "version": "1.0.3",
      "resolved": "https://registry.npmjs.org/defaults/-/defaults-1.0.3.tgz",
      "integrity": "sha1-xlYFHpgX2f8I7YgUd/P+QBnz730=",
      "requires": {
        "clone": "^1.0.2"
      }
    },
    "emoji-regex": {
      "version": "8.0.0",
      "resolved": "https://registry.npmjs.org/emoji-regex/-/emoji-regex-8.0.0.tgz",
      "integrity": "sha512-MSjYzcWNOA0ewAHpz0MxpYFvwg6yjy1NG3xteoqz644VCo/RPgnr1/GGt+ic3iJTzQ8Eu3TdM14SawnVUmGE6A=="
    },
    "escape-string-regexp": {
      "version": "1.0.5",
      "resolved": "https://registry.npmjs.org/escape-string-regexp/-/escape-string-regexp-1.0.5.tgz",
      "integrity": "sha1-G2HAViGQqN/2rjuyzwIAyhMLhtQ="
    },
    "esprima-fb": {
      "version": "12001.1.0-dev-harmony-fb",
      "resolved": "https://registry.npmjs.org/esprima-fb/-/esprima-fb-12001.1.0-dev-harmony-fb.tgz",
      "integrity": "sha1-2EQAOEupXOJnjGF60kp/QICNqRU="
    },
    "exit": {
      "version": "0.1.2",
      "resolved": "https://registry.npmjs.org/exit/-/exit-0.1.2.tgz",
      "integrity": "sha1-BjJjj42HfMghB9MKD/8aF8uhzQw="
    },
    "get-stdin": {
      "version": "4.0.1",
      "resolved": "https://registry.npmjs.org/get-stdin/-/get-stdin-4.0.1.tgz",
      "integrity": "sha1-uWjGsKBDhDJJAui/Gl3zJXmkUP4="
    },
    "glob": {
      "version": "5.0.15",
      "resolved": "https://registry.npmjs.org/glob/-/glob-5.0.15.tgz",
      "integrity": "sha1-G8k2ueAvSmA/zCIuz3Yz0wuLk7E=",
      "requires": {
        "inflight": "^1.0.4",
        "inherits": "2",
        "minimatch": "2 || 3",
        "once": "^1.3.0",
        "path-is-absolute": "^1.0.0"
      }
    },
    "has-ansi": {
      "version": "1.0.3",
      "resolved": "https://registry.npmjs.org/has-ansi/-/has-ansi-1.0.3.tgz",
      "integrity": "sha1-wLWxYV2eOCsP9nFp2We0JeSMpTg=",
      "requires": {
        "ansi-regex": "^1.1.0",
        "get-stdin": "^4.0.1"
      }
    },
    "has-flag": {
      "version": "3.0.0",
      "resolved": "https://registry.npmjs.org/has-flag/-/has-flag-3.0.0.tgz",
      "integrity": "sha1-tdRU3CGZriJWmfNGfloH87lVuv0="
    },
    "highland": {
      "version": "2.5.1",
      "resolved": "https://registry.npmjs.org/highland/-/highland-2.5.1.tgz",
      "integrity": "sha1-/6gC/gpNV04gM2IaXPpLbUFZq3Y="
    },
    "http-basic": {
      "version": "2.5.1",
      "resolved": "https://registry.npmjs.org/http-basic/-/http-basic-2.5.1.tgz",
      "integrity": "sha1-jORHvbW2xXf4pj4/p4BW7Eu02/s=",
      "requires": {
        "caseless": "~0.11.0",
        "concat-stream": "^1.4.6",
        "http-response-object": "^1.0.0"
      }
    },
    "http-response-object": {
      "version": "1.1.0",
      "resolved": "https://registry.npmjs.org/http-response-object/-/http-response-object-1.1.0.tgz",
      "integrity": "sha1-p8TnWq6C87tJBOT0P2FWc7TVGMM="
    },
    "inflight": {
      "version": "1.0.6",
      "resolved": "https://registry.npmjs.org/inflight/-/inflight-1.0.6.tgz",
      "integrity": "sha1-Sb1jMdfQLQwJvJEKEHW6gWW1bfk=",
      "requires": {
        "once": "^1.3.0",
        "wrappy": "1"
      }
    },
    "inherits": {
      "version": "2.0.4",
      "resolved": "https://registry.npmjs.org/inherits/-/inherits-2.0.4.tgz",
      "integrity": "sha512-k/vGaX4/Yla3WzyMCvTQOXYeIHvqOKtnqBduzTHpzpQZzAskKMhZ2K+EnBiSM9zGSoIFeMpXKxa4dYeZIQqewQ=="
    },
    "is-absolute": {
      "version": "0.1.7",
      "resolved": "https://registry.npmjs.org/is-absolute/-/is-absolute-0.1.7.tgz",
      "integrity": "sha1-hHSREZ/MtftDYhfMc39/qtUPYD8=",
      "requires": {
        "is-relative": "^0.1.0"
      }
    },
    "is-fullwidth-code-point": {
      "version": "3.0.0",
      "resolved": "https://registry.npmjs.org/is-fullwidth-code-point/-/is-fullwidth-code-point-3.0.0.tgz",
      "integrity": "sha512-zymm5+u+sCsSWyD9qNaejV3DFvhCKclKdizYaJUuHA83RLjb7nSuGnddCHGv0hk+KY7BMAlsWeK4Ueg6EV6XQg=="
    },
    "is-relative": {
      "version": "0.1.3",
      "resolved": "https://registry.npmjs.org/is-relative/-/is-relative-0.1.3.tgz",
      "integrity": "sha1-kF/uiuhvRbPsYUvDwVyGnfCHboI="
    },
    "isarray": {
      "version": "1.0.0",
      "resolved": "https://registry.npmjs.org/isarray/-/isarray-1.0.0.tgz",
      "integrity": "sha1-u5NdSFgsuhaMBoNJV6VKPgcSTxE="
    },
    "jssh": {
      "version": "0.0.8",
      "resolved": "https://registry.npmjs.org/jssh/-/jssh-0.0.8.tgz",
      "integrity": "sha1-pJjeFCkZUzk+dP+Ob0ZFXjHMJpo=",
      "requires": {
        "ascii-table": "0.0.8",
        "async": "1.0.0",
        "buffer-equal-constant-time": "1.0.1",
        "chalk": "1.0.0",
        "cli": "0.7.0",
        "columnify": "1.5.1",
        "highland": "2.5.1",
        "jssh-api-conf": "*",
        "jssh-api-jssh": "*",
        "jssh-api-util": "*",
        "jssh-lang-coffee": "*",
        "jssh-lang-js": "*",
        "keypair": "1.0.0",
        "lodash": "3.9.3",
        "pegjs": "0.8.0",
        "ssh2": "0.4.8"
      }
    },
    "jssh-api-conf": {
      "version": "0.0.6",
      "resolved": "https://registry.npmjs.org/jssh-api-conf/-/jssh-api-conf-0.0.6.tgz",
      "integrity": "sha1-KXBEhaQOL1sp8D+84Fd2Hvah/Ao="
    },
    "jssh-api-jssh": {
      "version": "0.0.12",
      "resolved": "https://registry.npmjs.org/jssh-api-jssh/-/jssh-api-jssh-0.0.12.tgz",
      "integrity": "sha1-/1rgjm9ZFzqkVGCeE57pZqdSQls=",
      "requires": {
        "chalk": "1.0.0",
        "glob": "5.0.10",
        "marked": "0.3.3",
        "marked-terminal": "1.5.0",
        "shelljs": "0.5.0",
        "sync-request": "2.0.1",
        "which": "1.1.1"
      },
      "dependencies": {
        "glob": {
          "version": "5.0.10",
          "resolved": "https://registry.npmjs.org/glob/-/glob-5.0.10.tgz",
          "integrity": "sha1-PuNQMZ8x81LO9omaSPa2t4NMaJk=",
          "requires": {
            "inflight": "^1.0.4",
            "inherits": "2",
            "minimatch": "^2.0.1",
            "once": "^1.3.0",
            "path-is-absolute": "^1.0.0"
          }
        },
        "minimatch": {
          "version": "2.0.10",
          "resolved": "https://registry.npmjs.org/minimatch/-/minimatch-2.0.10.tgz",
          "integrity": "sha1-jQh8OcazjAAbl/ynzm0OHoCvusc=",
          "requires": {
            "brace-expansion": "^1.0.0"
          }
        }
      }
    },
    "jssh-api-util": {
      "version": "0.0.3",
      "resolved": "https://registry.npmjs.org/jssh-api-util/-/jssh-api-util-0.0.3.tgz",
      "integrity": "sha1-/xbK3KsO0CqrPEmbefVMcvRTvW8="
    },
    "jssh-lang-coffee": {
      "version": "0.0.3",
      "resolved": "https://registry.npmjs.org/jssh-lang-coffee/-/jssh-lang-coffee-0.0.3.tgz",
      "integrity": "sha1-alD15avNE5YgIG6dR6/iZ1skV7Q=",
      "requires": {
        "coffee-script": "1.9.2"
      }
    },
    "jssh-lang-js": {
      "version": "0.0.1",
      "resolved": "https://registry.npmjs.org/jssh-lang-js/-/jssh-lang-js-0.0.1.tgz",
      "integrity": "sha1-IgqbEYD8flBI63JTqZHMXg2Ent8="
    },
    "keypair": {
      "version": "1.0.0",
      "resolved": "https://registry.npmjs.org/keypair/-/keypair-1.0.0.tgz",
      "integrity": "sha1-UD3ZMEkNKY2aoNoJCuQf332lpoA="
    },
    "lodash": {
      "version": "3.9.3",
      "resolved": "https://registry.npmjs.org/lodash/-/lodash-3.9.3.tgz",
      "integrity": "sha1-AVnoaDL+/8bWHYUrEqlTuZSWvTI="
    },
    "lodash._baseassign": {
      "version": "3.2.0",
      "resolved": "https://registry.npmjs.org/lodash._baseassign/-/lodash._baseassign-3.2.0.tgz",
      "integrity": "sha1-jDigmVAPIVrQnlnxci/QxSv+Ck4=",
      "requires": {
        "lodash._basecopy": "^3.0.0",
        "lodash.keys": "^3.0.0"
      }
    },
    "lodash._basecopy": {
      "version": "3.0.1",
      "resolved": "https://registry.npmjs.org/lodash._basecopy/-/lodash._basecopy-3.0.1.tgz",
      "integrity": "sha1-jaDmqHbPNEwK2KVIghEd08XHyjY="
    },
    "lodash._bindcallback": {
      "version": "3.0.1",
      "resolved": "https://registry.npmjs.org/lodash._bindcallback/-/lodash._bindcallback-3.0.1.tgz",
      "integrity": "sha1-5THCdkTPi1epnhftlbNcdIeJOS4="
    },
    "lodash._createassigner": {
      "version": "3.1.1",
      "resolved": "https://registry.npmjs.org/lodash._createassigner/-/lodash._createassigner-3.1.1.tgz",
      "integrity": "sha1-g4pbri/aymOsIt7o4Z+k5taXCxE=",
      "requires": {
        "lodash._bindcallback": "^3.0.0",
        "lodash._isiterateecall": "^3.0.0",
        "lodash.restparam": "^3.0.0"
      }
    },
    "lodash._getnative": {
      "version": "3.9.1",
      "resolved": "https://registry.npmjs.org/lodash._getnative/-/lodash._getnative-3.9.1.tgz",
      "integrity": "sha1-VwvH3t5G1hzc3mh9ZdPuy6o6r/U="
    },
    "lodash._isiterateecall": {
      "version": "3.0.9",
      "resolved": "https://registry.npmjs.org/lodash._isiterateecall/-/lodash._isiterateecall-3.0.9.tgz",
      "integrity": "sha1-UgOte6Ql+uhCRg5pbbnPPmqsBXw="
    },
    "lodash.assign": {
      "version": "3.2.0",
      "resolved": "https://registry.npmjs.org/lodash.assign/-/lodash.assign-3.2.0.tgz",
      "integrity": "sha1-POnwI0tLIiPilrj6CsH+6OvKZPo=",
      "requires": {
        "lodash._baseassign": "^3.0.0",
        "lodash._createassigner": "^3.0.0",
        "lodash.keys": "^3.0.0"
      }
    },
    "lodash.isarguments": {
      "version": "3.1.0",
      "resolved": "https://registry.npmjs.org/lodash.isarguments/-/lodash.isarguments-3.1.0.tgz",
      "integrity": "sha1-L1c9hcaiQon/AGY7SRwdM4/zRYo="
    },
    "lodash.isarray": {
      "version": "3.0.4",
      "resolved": "https://registry.npmjs.org/lodash.isarray/-/lodash.isarray-3.0.4.tgz",
      "integrity": "sha1-eeTriMNqgSKvhvhEqpvNhRtfu1U="
    },
    "lodash.keys": {
      "version": "3.1.2",
      "resolved": "https://registry.npmjs.org/lodash.keys/-/lodash.keys-3.1.2.tgz",
      "integrity": "sha1-TbwEcrFWvlCgsoaFXRvQsMZWCYo=",
      "requires": {
        "lodash._getnative": "^3.0.0",
        "lodash.isarguments": "^3.0.0",
        "lodash.isarray": "^3.0.0"
      }
    },
    "lodash.restparam": {
      "version": "3.6.1",
      "resolved": "https://registry.npmjs.org/lodash.restparam/-/lodash.restparam-3.6.1.tgz",
      "integrity": "sha1-k2pOMJ7zMKdkXtQUWYbIWuWyCAU="
    },
    "marked": {
      "version": "0.3.3",
      "resolved": "https://registry.npmjs.org/marked/-/marked-0.3.3.tgz",
      "integrity": "sha1-CLrZysE3NvbM7dwgI0TxsL8lU5A="
    },
    "marked-terminal": {
      "version": "1.5.0",
      "resolved": "https://registry.npmjs.org/marked-terminal/-/marked-terminal-1.5.0.tgz",
      "integrity": "sha1-+azFPsZzShe33DsBIHqtCQY/vvM=",
      "requires": {
        "cardinal": "^0.5.0",
        "chalk": "^1.0.0",
        "cli-table": "^0.3.1",
        "lodash.assign": "^3.0.0",
        "node-emoji": "^0.1.0"
      }
    },
    "minimatch": {
      "version": "3.0.4",
      "resolved": "https://registry.npmjs.org/minimatch/-/minimatch-3.0.4.tgz",
      "integrity": "sha512-yJHVQEhyqPLUTgt9B83PXu6W3rx4MvvHvSUvToogpwoGDOUQ+yDrR0HRot+yOCdCO7u4hX3pWft6kWBBcqh0UA==",
      "requires": {
        "brace-expansion": "^1.1.7"
      }
    },
    "node-emoji": {
      "version": "0.1.0",
      "resolved": "https://registry.npmjs.org/node-emoji/-/node-emoji-0.1.0.tgz",
      "integrity": "sha1-P0QkpVuo7VDCVKE4WLJEVPQYJgI="
    },
    "once": {
      "version": "1.4.0",
      "resolved": "https://registry.npmjs.org/once/-/once-1.4.0.tgz",
      "integrity": "sha1-WDsap3WWHUsROsF9nFC6753Xa9E=",
      "requires": {
        "wrappy": "1"
      }
    },
    "os-shim": {
      "version": "0.1.3",
      "resolved": "https://registry.npmjs.org/os-shim/-/os-shim-0.1.3.tgz",
      "integrity": "sha1-a2LDeRz3kJ6jXtRuF2WLtBfLORc="
    },
    "path-is-absolute": {
      "version": "1.0.1",
      "resolved": "https://registry.npmjs.org/path-is-absolute/-/path-is-absolute-1.0.1.tgz",
      "integrity": "sha1-F0uSaHNVNP+8es5r9TpanhtcX18="
    },
    "pegjs": {
      "version": "0.8.0",
      "resolved": "https://registry.npmjs.org/pegjs/-/pegjs-0.8.0.tgz",
      "integrity": "sha1-l28GfaE+XFsVAcAXklZoolOBFWE="
    },
    "process-nextick-args": {
      "version": "2.0.1",
      "resolved": "https://registry.npmjs.org/process-nextick-args/-/process-nextick-args-2.0.1.tgz",
      "integrity": "sha512-3ouUOpQhtgrbOa17J7+uxOTpITYWaGP7/AhoR3+A+/1e9skrzelGi/dXzEYyvbxubEF6Wn2ypscTKiKJFFn1ag=="
    },
    "promise": {
      "version": "7.3.1",
      "resolved": "https://registry.npmjs.org/promise/-/promise-7.3.1.tgz",
      "integrity": "sha512-nolQXZ/4L+bP/UGlkfaIujX9BKxGwmQ9OT4mOt5yvy8iK1h3wqTEJCijzGANTCCl9nWjY41juyAn2K3Q1hLLTg==",
      "requires": {
        "asap": "~2.0.3"
      }
    },
    "qs": {
      "version": "6.9.6",
      "resolved": "https://registry.npmjs.org/qs/-/qs-6.9.6.tgz",
      "integrity": "sha512-TIRk4aqYLNoJUbd+g2lEdz5kLWIuTMRagAXxl78Q0RiVjAOugHmeKNGdd3cwo/ktpf9aL9epCfFqWDEKysUlLQ=="
    },
    "readable-stream": {
      "version": "2.3.7",
      "resolved": "https://registry.npmjs.org/readable-stream/-/readable-stream-2.3.7.tgz",
      "integrity": "sha512-Ebho8K4jIbHAxnuxi7o42OrZgF/ZTNcsZj6nRKyUmkhLFq8CHItp/fy6hQZuZmP/n3yZ9VBUbp4zz/mX8hmYPw==",
      "requires": {
        "core-util-is": "~1.0.0",
        "inherits": "~2.0.3",
        "isarray": "~1.0.0",
        "process-nextick-args": "~2.0.0",
        "safe-buffer": "~5.1.1",
        "string_decoder": "~1.1.1",
        "util-deprecate": "~1.0.1"
      }
    },
    "redeyed": {
      "version": "0.5.0",
      "resolved": "https://registry.npmjs.org/redeyed/-/redeyed-0.5.0.tgz",
      "integrity": "sha1-erAA5g7jh1rBFdKe2zLBQDxsJdE=",
      "requires": {
        "esprima-fb": "~12001.1.0-dev-harmony-fb"
      }
    },
    "safe-buffer": {
      "version": "5.1.2",
      "resolved": "https://registry.npmjs.org/safe-buffer/-/safe-buffer-5.1.2.tgz",
      "integrity": "sha512-Gd2UZBJDkXlY7GbJxfsE8/nvKkUEU1G38c1siN6QP6a9PT9MmHB8GnpscSmMJSoF8LOIrt8ud/wPtojys4G6+g=="
    },
    "safer-buffer": {
      "version": "2.1.2",
      "resolved": "https://registry.npmjs.org/safer-buffer/-/safer-buffer-2.1.2.tgz",
      "integrity": "sha512-YZo3K82SD7Riyi0E1EQPojLz7kpepnSQI9IyPbHHg1XXXevb5dJI7tpyN2ADxGcQbHG7vcyRHk0cbwqcQriUtg=="
    },
    "shelljs": {
      "version": "0.5.0",
      "resolved": "https://registry.npmjs.org/shelljs/-/shelljs-0.5.0.tgz",
      "integrity": "sha1-tpKhICE9RS6gdb7bboqcU6VR+xw="
    },
    "spawn-sync": {
      "version": "1.0.15",
      "resolved": "https://registry.npmjs.org/spawn-sync/-/spawn-sync-1.0.15.tgz",
      "integrity": "sha1-sAeZVX63+wyDdsKdROih6mfldHY=",
      "requires": {
        "concat-stream": "^1.4.7",
        "os-shim": "^0.1.2"
      }
    },
    "ssh2": {
      "version": "0.4.8",
      "resolved": "https://registry.npmjs.org/ssh2/-/ssh2-0.4.8.tgz",
      "integrity": "sha1-RGC7kticik2kPIvYPTpyWarllTk=",
      "requires": {
        "readable-stream": "~1.0.0",
        "ssh2-streams": "~0.0.5"
      },
      "dependencies": {
        "isarray": {
          "version": "0.0.1",
          "resolved": "https://registry.npmjs.org/isarray/-/isarray-0.0.1.tgz",
          "integrity": "sha1-ihis/Kmo9Bd+Cav8YDiTmwXR7t8="
        },
        "readable-stream": {
          "version": "1.0.34",
          "resolved": "https://registry.npmjs.org/readable-stream/-/readable-stream-1.0.34.tgz",
          "integrity": "sha1-Elgg40vIQtLyqq+v5MKRbuMsFXw=",
          "requires": {
            "core-util-is": "~1.0.0",
            "inherits": "~2.0.1",
            "isarray": "0.0.1",
            "string_decoder": "~0.10.x"
          }
        },
        "string_decoder": {
          "version": "0.10.31",
          "resolved": "https://registry.npmjs.org/string_decoder/-/string_decoder-0.10.31.tgz",
          "integrity": "sha1-YuIDvEF2bGwoyfyEMB2rHFMQ+pQ="
        }
      }
    },
    "ssh2-streams": {
      "version": "0.0.23",
      "resolved": "https://registry.npmjs.org/ssh2-streams/-/ssh2-streams-0.0.23.tgz",
      "integrity": "sha1-ru8wgxu1/Er2qj9tCiYaQTUxYSs=",
      "requires": {
        "asn1": "~0.2.0",
        "readable-stream": "~1.0.0",
        "streamsearch": "~0.1.2"
      },
      "dependencies": {
        "isarray": {
          "version": "0.0.1",
          "resolved": "https://registry.npmjs.org/isarray/-/isarray-0.0.1.tgz",
          "integrity": "sha1-ihis/Kmo9Bd+Cav8YDiTmwXR7t8="
        },
        "readable-stream": {
          "version": "1.0.34",
          "resolved": "https://registry.npmjs.org/readable-stream/-/readable-stream-1.0.34.tgz",
          "integrity": "sha1-Elgg40vIQtLyqq+v5MKRbuMsFXw=",
          "requires": {
            "core-util-is": "~1.0.0",
            "inherits": "~2.0.1",
            "isarray": "0.0.1",
            "string_decoder": "~0.10.x"
          }
        },
        "string_decoder": {
          "version": "0.10.31",
          "resolved": "https://registry.npmjs.org/string_decoder/-/string_decoder-0.10.31.tgz",
          "integrity": "sha1-YuIDvEF2bGwoyfyEMB2rHFMQ+pQ="
        }
      }
    },
    "streamsearch": {
      "version": "0.1.2",
      "resolved": "https://registry.npmjs.org/streamsearch/-/streamsearch-0.1.2.tgz",
      "integrity": "sha1-gIudDlb8Jz2Am6VzOOkpkZoanxo="
    },
    "string-width": {
      "version": "4.2.0",
      "resolved": "https://registry.npmjs.org/string-width/-/string-width-4.2.0.tgz",
      "integrity": "sha512-zUz5JD+tgqtuDjMhwIg5uFVV3dtqZ9yQJlZVfq4I01/K5Paj5UHj7VyrQOJvzawSVlKpObApbfD0Ed6yJc+1eg==",
      "requires": {
        "emoji-regex": "^8.0.0",
        "is-fullwidth-code-point": "^3.0.0",
        "strip-ansi": "^6.0.0"
      },
      "dependencies": {
        "ansi-regex": {
          "version": "5.0.0",
          "resolved": "https://registry.npmjs.org/ansi-regex/-/ansi-regex-5.0.0.tgz",
          "integrity": "sha512-bY6fj56OUQ0hU1KjFNDQuJFezqKdrAyFdIevADiqrWHwSlbmBNMHp5ak2f40Pm8JTFyM2mqxkG6ngkHO11f/lg=="
        },
        "strip-ansi": {
          "version": "6.0.0",
          "resolved": "https://registry.npmjs.org/strip-ansi/-/strip-ansi-6.0.0.tgz",
          "integrity": "sha512-AuvKTrTfQNYNIctbR1K/YGTR1756GycPsg7b9bdV9Duqur4gv6aKqHXah67Z8ImS7WEz5QVcOtlfW2rZEugt6w==",
          "requires": {
            "ansi-regex": "^5.0.0"
          }
        }
      }
    },
    "string_decoder": {
      "version": "1.1.1",
      "resolved": "https://registry.npmjs.org/string_decoder/-/string_decoder-1.1.1.tgz",
      "integrity": "sha512-n/ShnvDi6FHbbVfviro+WojiFzv+s8MPMHBczVePfUpDJLwoLT0ht1l4YwBCbi8pJAveEEdnkHyPyTP/mzRfwg==",
      "requires": {
        "safe-buffer": "~5.1.0"
      }
    },
    "strip-ansi": {
      "version": "2.0.1",
      "resolved": "https://registry.npmjs.org/strip-ansi/-/strip-ansi-2.0.1.tgz",
      "integrity": "sha1-32LBqpTtLxFOHQ8h/R1QSCt5pg4=",
      "requires": {
        "ansi-regex": "^1.0.0"
      }
    },
    "supports-color": {
      "version": "1.3.1",
      "resolved": "https://registry.npmjs.org/supports-color/-/supports-color-1.3.1.tgz",
      "integrity": "sha1-FXWN8J2P87SswwdTn6vicJXhBC0="
    },
    "sync-request": {
      "version": "2.0.1",
      "resolved": "https://registry.npmjs.org/sync-request/-/sync-request-2.0.1.tgz",
      "integrity": "sha1-xQ1VX5Uo91EqC86jv2lhiREhcGE=",
      "requires": {
        "concat-stream": "^1.4.7",
        "http-response-object": "^1.0.1",
        "spawn-sync": "^1.0.1",
        "then-request": "^2.0.1"
      }
    },
    "then-request": {
      "version": "2.2.0",
      "resolved": "https://registry.npmjs.org/then-request/-/then-request-2.2.0.tgz",
      "integrity": "sha1-ZnizL6DKIY/laZgbvYhxtZQGDYE=",
      "requires": {
        "caseless": "~0.11.0",
        "concat-stream": "^1.4.7",
        "http-basic": "^2.5.1",
        "http-response-object": "^1.1.0",
        "promise": "^7.1.1",
        "qs": "^6.1.0"
      }
    },
    "typedarray": {
      "version": "0.0.6",
      "resolved": "https://registry.npmjs.org/typedarray/-/typedarray-0.0.6.tgz",
      "integrity": "sha1-hnrHTjhkGHsdPUfZlqeOxciDB3c="
    },
    "util-deprecate": {
      "version": "1.0.2",
      "resolved": "https://registry.npmjs.org/util-deprecate/-/util-deprecate-1.0.2.tgz",
      "integrity": "sha1-RQ1Nyfpw3nMnYvvS1KKJgUGaDM8="
    },
    "wcwidth": {
      "version": "1.0.1",
      "resolved": "https://registry.npmjs.org/wcwidth/-/wcwidth-1.0.1.tgz",
      "integrity": "sha1-8LDc+RW8X/FSivrbLA4XtTLaL+g=",
      "requires": {
        "defaults": "^1.0.3"
      }
    },
    "which": {
      "version": "1.1.1",
      "resolved": "https://registry.npmjs.org/which/-/which-1.1.1.tgz",
      "integrity": "sha1-nOUSRZlGFm4SwIPwjsBzOA/Iy7s=",
      "requires": {
        "is-absolute": "^0.1.7"
      }
    },
    "wrappy": {
      "version": "1.0.2",
      "resolved": "https://registry.npmjs.org/wrappy/-/wrappy-1.0.2.tgz",
      "integrity": "sha1-tSQ9jz7BqjXxNkYFvA0QNuMKtp8="
    }
  }
}
